{
  "object": {
    "pins": [
      {
        "package": "Shapes",
        "repositoryURL": "git@github.com:SwiftUIExtensions/Shapes.git",
        "state": {
          "branch": null,
          "revision": "29d9c8a0a6b85c7f44e71561ca3509b2203e44e9",
          "version": "0.0.1"
        }
      }
    ]
  },
  "version": 1
}
