// !$*UTF8*$!
{
	archiveVersion = 1;
	classes = {
	};
	objectVersion = 52;
	objects = {

/* Begin PBXBuildFile section */
		FABCDB592364DF8400842ED9 /* AppDelegate.swift in Sources */ = {isa = PBXBuildFile; fileRef = FABCDB582364DF8400842ED9 /* AppDelegate.swift */; };
		FABCDB5B2364DF8400842ED9 /* SceneDelegate.swift in Sources */ = {isa = PBXBuildFile; fileRef = FABCDB5A2364DF8400842ED9 /* SceneDelegate.swift */; };
		FABCDB5D2364DF8400842ED9 /* ContentView.swift in Sources */ = {isa = PBXBuildFile; fileRef = FABCDB5C2364DF8400842ED9 /* ContentView.swift */; };
		FABCDB5F2364DF8500842ED9 /* Assets.xcassets in Resources */ = {isa = PBXBuildFile; fileRef = FABCDB5E2364DF8500842ED9 /* Assets.xcassets */; };
		FABCDB622364DF8500842ED9 /* Preview Assets.xcassets in Resources */ = {isa = PBXBuildFile; fileRef = FABCDB612364DF8500842ED9 /* Preview Assets.xcassets */; };
		FABCDB652364DF8500842ED9 /* LaunchScreen.storyboard in Resources */ = {isa = PBXBuildFile; fileRef = FABCDB632364DF8500842ED9 /* LaunchScreen.storyboard */; };
		FABCDB6C2364DFD100842ED9 /* Shapes in Frameworks */ = {isa = PBXBuildFile; productRef = FABCDB6B2364DFD100842ED9 /* Shapes */; };
		FABCDB752364E11E00842ED9 /* AppDelegate.swift in Sources */ = {isa = PBXBuildFile; fileRef = FABCDB742364E11E00842ED9 /* AppDelegate.swift */; };
		FABCDB772364E11E00842ED9 /* ContentView.swift in Sources */ = {isa = PBXBuildFile; fileRef = FABCDB762364E11E00842ED9 /* ContentView.swift */; };
		FABCDB792364E11F00842ED9 /* Assets.xcassets in Resources */ = {isa = PBXBuildFile; fileRef = FABCDB782364E11F00842ED9 /* Assets.xcassets */; };
		FABCDB7C2364E11F00842ED9 /* Preview Assets.xcassets in Resources */ = {isa = PBXBuildFile; fileRef = FABCDB7B2364E11F00842ED9 /* Preview Assets.xcassets */; };
		FABCDB7F2364E11F00842ED9 /* Main.storyboard in Resources */ = {isa = PBXBuildFile; fileRef = FABCDB7D2364E11F00842ED9 /* Main.storyboard */; };
		FABCDB872364E16500842ED9 /* Shapes in Frameworks */ = {isa = PBXBuildFile; productRef = FABCDB862364E16500842ED9 /* Shapes */; };
		FABCDB8A2364E1A400842ED9 /* ShapesView.swift in Sources */ = {isa = PBXBuildFile; fileRef = FABCDB892364E1A400842ED9 /* ShapesView.swift */; };
		FABCDB8B2364E1A400842ED9 /* ShapesView.swift in Sources */ = {isa = PBXBuildFile; fileRef = FABCDB892364E1A400842ED9 /* ShapesView.swift */; };
		FABCDB8D2364EBA800842ED9 /* BuilderView.swift in Sources */ = {isa = PBXBuildFile; fileRef = FABCDB8C2364EBA800842ED9 /* BuilderView.swift */; };
		FABCDB8E2364EBA800842ED9 /* BuilderView.swift in Sources */ = {isa = PBXBuildFile; fileRef = FABCDB8C2364EBA800842ED9 /* BuilderView.swift */; };
/* End PBXBuildFile section */

/* Begin PBXFileReference section */
		FABCDB552364DF8400842ED9 /* ShapesExamples iOS.app */ = {isa = PBXFileReference; explicitFileType = wrapper.application; includeInIndex = 0; path = "ShapesExamples iOS.app"; sourceTree = BUILT_PRODUCTS_DIR; };
		FABCDB582364DF8400842ED9 /* AppDelegate.swift */ = {isa = PBXFileReference; lastKnownFileType = sourcecode.swift; path = AppDelegate.swift; sourceTree = "<group>"; };
		FABCDB5A2364DF8400842ED9 /* SceneDelegate.swift */ = {isa = PBXFileReference; lastKnownFileType = sourcecode.swift; path = SceneDelegate.swift; sourceTree = "<group>"; };
		FABCDB5C2364DF8400842ED9 /* ContentView.swift */ = {isa = PBXFileReference; lastKnownFileType = sourcecode.swift; path = ContentView.swift; sourceTree = "<group>"; };
		FABCDB5E2364DF8500842ED9 /* Assets.xcassets */ = {isa = PBXFileReference; lastKnownFileType = folder.assetcatalog; path = Assets.xcassets; sourceTree = "<group>"; };
		FABCDB612364DF8500842ED9 /* Preview Assets.xcassets */ = {isa = PBXFileReference; lastKnownFileType = folder.assetcatalog; path = "Preview Assets.xcassets"; sourceTree = "<group>"; };
		FABCDB642364DF8500842ED9 /* Base */ = {isa = PBXFileReference; lastKnownFileType = file.storyboard; name = Base; path = Base.lproj/LaunchScreen.storyboard; sourceTree = "<group>"; };
		FABCDB662364DF8500842ED9 /* Info.plist */ = {isa = PBXFileReference; lastKnownFileType = text.plist.xml; path = Info.plist; sourceTree = "<group>"; };
		FABCDB6D2364DFDF00842ED9 /* Shapes */ = {isa = PBXFileReference; lastKnownFileType = folder; name = Shapes; path = ..; sourceTree = "<group>"; };
		FABCDB722364E11E00842ED9 /* ShapesExamples macOS.app */ = {isa = PBXFileReference; explicitFileType = wrapper.application; includeInIndex = 0; path = "ShapesExamples macOS.app"; sourceTree = BUILT_PRODUCTS_DIR; };
		FABCDB742364E11E00842ED9 /* AppDelegate.swift */ = {isa = PBXFileReference; lastKnownFileType = sourcecode.swift; path = AppDelegate.swift; sourceTree = "<group>"; };
		FABCDB762364E11E00842ED9 /* ContentView.swift */ = {isa = PBXFileReference; lastKnownFileType = sourcecode.swift; path = ContentView.swift; sourceTree = "<group>"; };
		FABCDB782364E11F00842ED9 /* Assets.xcassets */ = {isa = PBXFileReference; lastKnownFileType = folder.assetcatalog; path = Assets.xcassets; sourceTree = "<group>"; };
		FABCDB7B2364E11F00842ED9 /* Preview Assets.xcassets */ = {isa = PBXFileReference; lastKnownFileType = folder.assetcatalog; path = "Preview Assets.xcassets"; sourceTree = "<group>"; };
		FABCDB7E2364E11F00842ED9 /* Base */ = {isa = PBXFileReference; lastKnownFileType = file.storyboard; name = Base; path = Base.lproj/Main.storyboard; sourceTree = "<group>"; };
		FABCDB802364E11F00842ED9 /* Info.plist */ = {isa = PBXFileReference; lastKnownFileType = text.plist.xml; path = Info.plist; sourceTree = "<group>"; };
		FABCDB812364E11F00842ED9 /* ShapesExamples_macOS.entitlements */ = {isa = PBXFileReference; lastKnownFileType = text.plist.entitlements; path = ShapesExamples_macOS.entitlements; sourceTree = "<group>"; };
		FABCDB892364E1A400842ED9 /* ShapesView.swift */ = {isa = PBXFileReference; lastKnownFileType = sourcecode.swift; path = ShapesView.swift; sourceTree = "<group>"; };
		FABCDB8C2364EBA800842ED9 /* BuilderView.swift */ = {isa = PBXFileReference; lastKnownFileType = sourcecode.swift; path = BuilderView.swift; sourceTree = "<group>"; };
/* End PBXFileReference section */

/* Begin PBXFrameworksBuildPhase section */
		FABCDB522364DF8400842ED9 /* Frameworks */ = {
			isa = PBXFrameworksBuildPhase;
			buildActionMask = 2147483647;
			files = (
				FABCDB6C2364DFD100842ED9 /* Shapes in Frameworks */,
			);
			runOnlyForDeploymentPostprocessing = 0;
		};
		FABCDB6F2364E11E00842ED9 /* Frameworks */ = {
			isa = PBXFrameworksBuildPhase;
			buildActionMask = 2147483647;
			files = (
				FABCDB872364E16500842ED9 /* Shapes in Frameworks */,
			);
			runOnlyForDeploymentPostprocessing = 0;
		};
/* End PBXFrameworksBuildPhase section */

/* Begin PBXGroup section */
		FABCDB4A2364DF0600842ED9 = {
			isa = PBXGroup;
			children = (
				FABCDB882364E17400842ED9 /* ShapesExamples */,
				FABCDB572364DF8400842ED9 /* ShapesExamples iOS */,
				FABCDB732364E11E00842ED9 /* ShapesExamples macOS */,
				FABCDB562364DF8400842ED9 /* Products */,
				FABCDB6D2364DFDF00842ED9 /* Shapes */,
				FABCDB852364E16500842ED9 /* Frameworks */,
			);
			sourceTree = "<group>";
		};
		FABCDB562364DF8400842ED9 /* Products */ = {
			isa = PBXGroup;
			children = (
				FABCDB552364DF8400842ED9 /* ShapesExamples iOS.app */,
				FABCDB722364E11E00842ED9 /* ShapesExamples macOS.app */,
			);
			name = Products;
			sourceTree = "<group>";
		};
		FABCDB572364DF8400842ED9 /* ShapesExamples iOS */ = {
			isa = PBXGroup;
			children = (
				FABCDB582364DF8400842ED9 /* AppDelegate.swift */,
				FABCDB5A2364DF8400842ED9 /* SceneDelegate.swift */,
				FABCDB5C2364DF8400842ED9 /* ContentView.swift */,
				FABCDB5E2364DF8500842ED9 /* Assets.xcassets */,
				FABCDB632364DF8500842ED9 /* LaunchScreen.storyboard */,
				FABCDB662364DF8500842ED9 /* Info.plist */,
				FABCDB602364DF8500842ED9 /* Preview Content */,
			);
			path = "ShapesExamples iOS";
			sourceTree = "<group>";
		};
		FABCDB602364DF8500842ED9 /* Preview Content */ = {
			isa = PBXGroup;
			children = (
				FABCDB612364DF8500842ED9 /* Preview Assets.xcassets */,
			);
			path = "Preview Content";
			sourceTree = "<group>";
		};
		FABCDB732364E11E00842ED9 /* ShapesExamples macOS */ = {
			isa = PBXGroup;
			children = (
				FABCDB742364E11E00842ED9 /* AppDelegate.swift */,
				FABCDB762364E11E00842ED9 /* ContentView.swift */,
				FABCDB782364E11F00842ED9 /* Assets.xcassets */,
				FABCDB7D2364E11F00842ED9 /* Main.storyboard */,
				FABCDB802364E11F00842ED9 /* Info.plist */,
				FABCDB812364E11F00842ED9 /* ShapesExamples_macOS.entitlements */,
				FABCDB7A2364E11F00842ED9 /* Preview Content */,
			);
			path = "ShapesExamples macOS";
			sourceTree = "<group>";
		};
		FABCDB7A2364E11F00842ED9 /* Preview Content */ = {
			isa = PBXGroup;
			children = (
				FABCDB7B2364E11F00842ED9 /* Preview Assets.xcassets */,
			);
			path = "Preview Content";
			sourceTree = "<group>";
		};
		FABCDB852364E16500842ED9 /* Frameworks */ = {
			isa = PBXGroup;
			children = (
			);
			name = Frameworks;
			sourceTree = "<group>";
		};
		FABCDB882364E17400842ED9 /* ShapesExamples */ = {
			isa = PBXGroup;
			children = (
				FABCDB892364E1A400842ED9 /* ShapesView.swift */,
				FABCDB8C2364EBA800842ED9 /* BuilderView.swift */,
			);
			path = ShapesExamples;
			sourceTree = "<group>";
		};
/* End PBXGroup section */

/* Begin PBXNativeTarget section */
		FABCDB542364DF8400842ED9 /* ShapesExamples iOS */ = {
			isa = PBXNativeTarget;
			buildConfigurationList = FABCDB692364DF8500842ED9 /* Build configuration list for PBXNativeTarget "ShapesExamples iOS" */;
			buildPhases = (
				FABCDB512364DF8400842ED9 /* Sources */,
				FABCDB522364DF8400842ED9 /* Frameworks */,
				FABCDB532364DF8400842ED9 /* Resources */,
			);
			buildRules = (
			);
			dependencies = (
			);
			name = "ShapesExamples iOS";
			packageProductDependencies = (
				FABCDB6B2364DFD100842ED9 /* Shapes */,
			);
			productName = "ShapesExamples iOS";
			productReference = FABCDB552364DF8400842ED9 /* ShapesExamples iOS.app */;
			productType = "com.apple.product-type.application";
		};
		FABCDB712364E11E00842ED9 /* ShapesExamples macOS */ = {
			isa = PBXNativeTarget;
			buildConfigurationList = FABCDB842364E11F00842ED9 /* Build configuration list for PBXNativeTarget "ShapesExamples macOS" */;
			buildPhases = (
				FABCDB6E2364E11E00842ED9 /* Sources */,
				FABCDB6F2364E11E00842ED9 /* Frameworks */,
				FABCDB702364E11E00842ED9 /* Resources */,
			);
			buildRules = (
			);
			dependencies = (
			);
			name = "ShapesExamples macOS";
			packageProductDependencies = (
				FABCDB862364E16500842ED9 /* Shapes */,
			);
			productName = "ShapesExamples macOS";
			productReference = FABCDB722364E11E00842ED9 /* ShapesExamples macOS.app */;
			productType = "com.apple.product-type.application";
		};
/* End PBXNativeTarget section */

/* Begin PBXProject section */
		FABCDB4B2364DF0600842ED9 /* Project object */ = {
			isa = PBXProject;
			attributes = {
				LastSwiftUpdateCheck = 1110;
				LastUpgradeCheck = 1110;
				TargetAttributes = {
					FABCDB542364DF8400842ED9 = {
						CreatedOnToolsVersion = 11.1;
					};
					FABCDB712364E11E00842ED9 = {
						CreatedOnToolsVersion = 11.1;
					};
				};
			};
			buildConfigurationList = FABCDB4E2364DF0600842ED9 /* Build configuration list for PBXProject "ShapesExamples" */;
			compatibilityVersion = "Xcode 9.3";
			developmentRegion = en;
			hasScannedForEncodings = 0;
			knownRegions = (
				en,
				Base,
			);
			mainGroup = FABCDB4A2364DF0600842ED9;
			packageReferences = (
				FABCDB6A2364DFD100842ED9 /* XCRemoteSwiftPackageReference "Shapes" */,
			);
			productRefGroup = FABCDB562364DF8400842ED9 /* Products */;
			projectDirPath = "";
			projectRoot = "";
			targets = (
				FABCDB542364DF8400842ED9 /* ShapesExamples iOS */,
				FABCDB712364E11E00842ED9 /* ShapesExamples macOS */,
			);
		};
/* End PBXProject section */

/* Begin PBXResourcesBuildPhase section */
		FABCDB532364DF8400842ED9 /* Resources */ = {
			isa = PBXResourcesBuildPhase;
			buildActionMask = 2147483647;
			files = (
				FABCDB652364DF8500842ED9 /* LaunchScreen.storyboard in Resources */,
				FABCDB622364DF8500842ED9 /* Preview Assets.xcassets in Resources */,
				FABCDB5F2364DF8500842ED9 /* Assets.xcassets in Resources */,
			);
			runOnlyForDeploymentPostprocessing = 0;
		};
		FABCDB702364E11E00842ED9 /* Resources */ = {
			isa = PBXResourcesBuildPhase;
			buildActionMask = 2147483647;
			files = (
				FABCDB7F2364E11F00842ED9 /* Main.storyboard in Resources */,
				FABCDB7C2364E11F00842ED9 /* Preview Assets.xcassets in Resources */,
				FABCDB792364E11F00842ED9 /* Assets.xcassets in Resources */,
			);
			runOnlyForDeploymentPostprocessing = 0;
		};
/* End PBXResourcesBuildPhase section */

/* Begin PBXSourcesBuildPhase section */
		FABCDB512364DF8400842ED9 /* Sources */ = {
			isa = PBXSourcesBuildPhase;
			buildActionMask = 2147483647;
			files = (
				FABCDB592364DF8400842ED9 /* AppDelegate.swift in Sources */,
				FABCDB5B2364DF8400842ED9 /* SceneDelegate.swift in Sources */,
				FABCDB8D2364EBA800842ED9 /* BuilderView.swift in Sources */,
				FABCDB8A2364E1A400842ED9 /* ShapesView.swift in Sources */,
				FABCDB5D2364DF8400842ED9 /* ContentView.swift in Sources */,
			);
			runOnlyForDeploymentPostprocessing = 0;
		};
		FABCDB6E2364E11E00842ED9 /* Sources */ = {
			isa = PBXSourcesBuildPhase;
			buildActionMask = 2147483647;
			files = (
				FABCDB772364E11E00842ED9 /* ContentView.swift in Sources */,
				FABCDB752364E11E00842ED9 /* AppDelegate.swift in Sources */,
				FABCDB8E2364EBA800842ED9 /* BuilderView.swift in Sources */,
				FABCDB8B2364E1A400842ED9 /* ShapesView.swift in Sources */,
			);
			runOnlyForDeploymentPostprocessing = 0;
		};
/* End PBXSourcesBuildPhase section */

/* Begin PBXVariantGroup section */
		FABCDB632364DF8500842ED9 /* LaunchScreen.storyboard */ = {
			isa = PBXVariantGroup;
			children = (
				FABCDB642364DF8500842ED9 /* Base */,
			);
			name = LaunchScreen.storyboard;
			sourceTree = "<group>";
		};
		FABCDB7D2364E11F00842ED9 /* Main.storyboard */ = {
			isa = PBXVariantGroup;
			children = (
				FABCDB7E2364E11F00842ED9 /* Base */,
			);
			name = Main.storyboard;
			sourceTree = "<group>";
		};
/* End PBXVariantGroup section */

/* Begin XCBuildConfiguration section */
		FABCDB4F2364DF0600842ED9 /* Debug */ = {
			isa = XCBuildConfiguration;
			buildSettings = {
			};
			name = Debug;
		};
		FABCDB502364DF0600842ED9 /* Release */ = {
			isa = XCBuildConfiguration;
			buildSettings = {
			};
			name = Release;
		};
		FABCDB672364DF8500842ED9 /* Debug */ = {
			isa = XCBuildConfiguration;
			buildSettings = {
				ALWAYS_SEARCH_USER_PATHS = NO;
				ASSETCATALOG_COMPILER_APPICON_NAME = AppIcon;
				CLANG_ANALYZER_NONNULL = YES;
				CLANG_ANALYZER_NUMBER_OBJECT_CONVERSION = YES_AGGRESSIVE;
				CLANG_CXX_LANGUAGE_STANDARD = "gnu++14";
				CLANG_CXX_LIBRARY = "libc++";
				CLANG_ENABLE_MODULES = YES;
				CLANG_ENABLE_OBJC_ARC = YES;
				CLANG_ENABLE_OBJC_WEAK = YES;
				CLANG_WARN_BLOCK_CAPTURE_AUTORELEASING = YES;
				CLANG_WARN_BOOL_CONVERSION = YES;
				CLANG_WARN_COMMA = YES;
				CLANG_WARN_CONSTANT_CONVERSION = YES;
				CLANG_WARN_DEPRECATED_OBJC_IMPLEMENTATIONS = YES;
				CLANG_WARN_DIRECT_OBJC_ISA_USAGE = YES_ERROR;
				CLANG_WARN_DOCUMENTATION_COMMENTS = YES;
				CLANG_WARN_EMPTY_BODY = YES;
				CLANG_WARN_ENUM_CONVERSION = YES;
				CLANG_WARN_INFINITE_RECURSION = YES;
				CLANG_WARN_INT_CONVERSION = YES;
				CLANG_WARN_NON_LITERAL_NULL_CONVERSION = YES;
				CLANG_WARN_OBJC_IMPLICIT_RETAIN_SELF = YES;
				CLANG_WARN_OBJC_LITERAL_CONVERSION = YES;
				CLANG_WARN_OBJC_ROOT_CLASS = YES_ERROR;
				CLANG_WARN_RANGE_LOOP_ANALYSIS = YES;
				CLANG_WARN_STRICT_PROTOTYPES = YES;
				CLANG_WARN_SUSPICIOUS_MOVE = YES;
				CLANG_WARN_UNGUARDED_AVAILABILITY = YES_AGGRESSIVE;
				CLANG_WARN_UNREACHABLE_CODE = YES;
				CLANG_WARN__DUPLICATE_METHOD_MATCH = YES;
				CODE_SIGN_STYLE = Automatic;
				COPY_PHASE_STRIP = NO;
				DEBUG_INFORMATION_FORMAT = dwarf;
				DEVELOPMENT_ASSET_PATHS = "\"ShapesExamples iOS/Preview Content\"";
				ENABLE_PREVIEWS = YES;
				ENABLE_STRICT_OBJC_MSGSEND = YES;
				ENABLE_TESTABILITY = YES;
				GCC_C_LANGUAGE_STANDARD = gnu11;
				GCC_DYNAMIC_NO_PIC = NO;
				GCC_NO_COMMON_BLOCKS = YES;
				GCC_OPTIMIZATION_LEVEL = 0;
				GCC_PREPROCESSOR_DEFINITIONS = (
					"DEBUG=1",
					"$(inherited)",
				);
				GCC_WARN_64_TO_32_BIT_CONVERSION = YES;
				GCC_WARN_ABOUT_RETURN_TYPE = YES_ERROR;
				GCC_WARN_UNDECLARED_SELECTOR = YES;
				GCC_WARN_UNINITIALIZED_AUTOS = YES_AGGRESSIVE;
				GCC_WARN_UNUSED_FUNCTION = YES;
				GCC_WARN_UNUSED_VARIABLE = YES;
				INFOPLIST_FILE = "ShapesExamples iOS/Info.plist";
				IPHONEOS_DEPLOYMENT_TARGET = 13.1;
				LD_RUNPATH_SEARCH_PATHS = (
					"$(inherited)",
					"@executable_path/Frameworks",
				);
				MTL_ENABLE_DEBUG_INFO = INCLUDE_SOURCE;
				MTL_FAST_MATH = YES;
				ONLY_ACTIVE_ARCH = YES;
				PRODUCT_BUNDLE_IDENTIFIER = "com.swiftuiextensions.shapes.examples.ios.ShapesExamples-iOS";
				PRODUCT_NAME = "$(TARGET_NAME)";
				SDKROOT = iphoneos;
				SWIFT_ACTIVE_COMPILATION_CONDITIONS = DEBUG;
				SWIFT_OPTIMIZATION_LEVEL = "-Onone";
				SWIFT_VERSION = 5.0;
				TARGETED_DEVICE_FAMILY = "1,2";
			};
			name = Debug;
		};
		FABCDB682364DF8500842ED9 /* Release */ = {
			isa = XCBuildConfiguration;
			buildSettings = {
				ALWAYS_SEARCH_USER_PATHS = NO;
				ASSETCATALOG_COMPILER_APPICON_NAME = AppIcon;
				CLANG_ANALYZER_NONNULL = YES;
				CLANG_ANALYZER_NUMBER_OBJECT_CONVERSION = YES_AGGRESSIVE;
				CLANG_CXX_LANGUAGE_STANDARD = "gnu++14";
				CLANG_CXX_LIBRARY = "libc++";
				CLANG_ENABLE_MODULES = YES;
				CLANG_ENABLE_OBJC_ARC = YES;
				CLANG_ENABLE_OBJC_WEAK = YES;
				CLANG_WARN_BLOCK_CAPTURE_AUTORELEASING = YES;
				CLANG_WARN_BOOL_CONVERSION = YES;
				CLANG_WARN_COMMA = YES;
				CLANG_WARN_CONSTANT_CONVERSION = YES;
				CLANG_WARN_DEPRECATED_OBJC_IMPLEMENTATIONS = YES;
				CLANG_WARN_DIRECT_OBJC_ISA_USAGE = YES_ERROR;
				CLANG_WARN_DOCUMENTATION_COMMENTS = YES;
				CLANG_WARN_EMPTY_BODY = YES;
				CLANG_WARN_ENUM_CONVERSION = YES;
				CLANG_WARN_INFINITE_RECURSION = YES;
				CLANG_WARN_INT_CONVERSION = YES;
				CLANG_WARN_NON_LITERAL_NULL_CONVERSION = YES;
				CLANG_WARN_OBJC_IMPLICIT_RETAIN_SELF = YES;
				CLANG_WARN_OBJC_LITERAL_CONVERSION = YES;
				CLANG_WARN_OBJC_ROOT_CLASS = YES_ERROR;
				CLANG_WARN_RANGE_LOOP_ANALYSIS = YES;
				CLANG_WARN_STRICT_PROTOTYPES = YES;
				CLANG_WARN_SUSPICIOUS_MOVE = YES;
				CLANG_WARN_UNGUARDED_AVAILABILITY = YES_AGGRESSIVE;
				CLANG_WARN_UNREACHABLE_CODE = YES;
				CLANG_WARN__DUPLICATE_METHOD_MATCH = YES;
				CODE_SIGN_STYLE = Automatic;
				COPY_PHASE_STRIP = NO;
				DEBUG_INFORMATION_FORMAT = "dwarf-with-dsym";
				DEVELOPMENT_ASSET_PATHS = "\"ShapesExamples iOS/Preview Content\"";
				ENABLE_NS_ASSERTIONS = NO;
				ENABLE_PREVIEWS = YES;
				ENABLE_STRICT_OBJC_MSGSEND = YES;
				GCC_C_LANGUAGE_STANDARD = gnu11;
				GCC_NO_COMMON_BLOCKS = YES;
				GCC_WARN_64_TO_32_BIT_CONVERSION = YES;
				GCC_WARN_ABOUT_RETURN_TYPE = YES_ERROR;
				GCC_WARN_UNDECLARED_SELECTOR = YES;
				GCC_WARN_UNINITIALIZED_AUTOS = YES_AGGRESSIVE;
				GCC_WARN_UNUSED_FUNCTION = YES;
				GCC_WARN_UNUSED_VARIABLE = YES;
				INFOPLIST_FILE = "ShapesExamples iOS/Info.plist";
				IPHONEOS_DEPLOYMENT_TARGET = 13.1;
				LD_RUNPATH_SEARCH_PATHS = (
					"$(inherited)",
					"@executable_path/Frameworks",
				);
				MTL_ENABLE_DEBUG_INFO = NO;
				MTL_FAST_MATH = YES;
				PRODUCT_BUNDLE_IDENTIFIER = "com.swiftuiextensions.shapes.examples.ios.ShapesExamples-iOS";
				PRODUCT_NAME = "$(TARGET_NAME)";
				SDKROOT = iphoneos;
				SWIFT_COMPILATION_MODE = wholemodule;
				SWIFT_OPTIMIZATION_LEVEL = "-O";
				SWIFT_VERSION = 5.0;
				TARGETED_DEVICE_FAMILY = "1,2";
				VALIDATE_PRODUCT = YES;
			};
			name = Release;
		};
		FABCDB822364E11F00842ED9 /* Debug */ = {
			isa = XCBuildConfiguration;
			buildSettings = {
				ALWAYS_SEARCH_USER_PATHS = NO;
				ASSETCATALOG_COMPILER_APPICON_NAME = AppIcon;
				CLANG_ANALYZER_NONNULL = YES;
				CLANG_ANALYZER_NUMBER_OBJECT_CONVERSION = YES_AGGRESSIVE;
				CLANG_CXX_LANGUAGE_STANDARD = "gnu++14";
				CLANG_CXX_LIBRARY = "libc++";
				CLANG_ENABLE_MODULES = YES;
				CLANG_ENABLE_OBJC_ARC = YES;
				CLANG_ENABLE_OBJC_WEAK = YES;
				CLANG_WARN_BLOCK_CAPTURE_AUTORELEASING = YES;
				CLANG_WARN_BOOL_CONVERSION = YES;
				CLANG_WARN_COMMA = YES;
				CLANG_WARN_CONSTANT_CONVERSION = YES;
				CLANG_WARN_DEPRECATED_OBJC_IMPLEMENTATIONS = YES;
				CLANG_WARN_DIRECT_OBJC_ISA_USAGE = YES_ERROR;
				CLANG_WARN_DOCUMENTATION_COMMENTS = YES;
				CLANG_WARN_EMPTY_BODY = YES;
				CLANG_WARN_ENUM_CONVERSION = YES;
				CLANG_WARN_INFINITE_RECURSION = YES;
				CLANG_WARN_INT_CONVERSION = YES;
				CLANG_WARN_NON_LITERAL_NULL_CONVERSION = YES;
				CLANG_WARN_OBJC_IMPLICIT_RETAIN_SELF = YES;
				CLANG_WARN_OBJC_LITERAL_CONVERSION = YES;
				CLANG_WARN_OBJC_ROOT_CLASS = YES_ERROR;
				CLANG_WARN_RANGE_LOOP_ANALYSIS = YES;
				CLANG_WARN_STRICT_PROTOTYPES = YES;
				CLANG_WARN_SUSPICIOUS_MOVE = YES;
				CLANG_WARN_UNGUARDED_AVAILABILITY = YES_AGGRESSIVE;
				CLANG_WARN_UNREACHABLE_CODE = YES;
				CLANG_WARN__DUPLICATE_METHOD_MATCH = YES;
				CODE_SIGN_ENTITLEMENTS = "ShapesExamples macOS/ShapesExamples_macOS.entitlements";
				CODE_SIGN_STYLE = Automatic;
				COMBINE_HIDPI_IMAGES = YES;
				COPY_PHASE_STRIP = NO;
				DEBUG_INFORMATION_FORMAT = dwarf;
				DEVELOPMENT_ASSET_PATHS = "\"ShapesExamples macOS/Preview Content\"";
				ENABLE_PREVIEWS = YES;
				ENABLE_STRICT_OBJC_MSGSEND = YES;
				ENABLE_TESTABILITY = YES;
				GCC_C_LANGUAGE_STANDARD = gnu11;
				GCC_DYNAMIC_NO_PIC = NO;
				GCC_NO_COMMON_BLOCKS = YES;
				GCC_OPTIMIZATION_LEVEL = 0;
				GCC_PREPROCESSOR_DEFINITIONS = (
					"DEBUG=1",
					"$(inherited)",
				);
				GCC_WARN_64_TO_32_BIT_CONVERSION = YES;
				GCC_WARN_ABOUT_RETURN_TYPE = YES_ERROR;
				GCC_WARN_UNDECLARED_SELECTOR = YES;
				GCC_WARN_UNINITIALIZED_AUTOS = YES_AGGRESSIVE;
				GCC_WARN_UNUSED_FUNCTION = YES;
				GCC_WARN_UNUSED_VARIABLE = YES;
				INFOPLIST_FILE = "ShapesExamples macOS/Info.plist";
				LD_RUNPATH_SEARCH_PATHS = (
					"$(inherited)",
					"@executable_path/../Frameworks",
				);
				MACOSX_DEPLOYMENT_TARGET = 10.15;
				MTL_ENABLE_DEBUG_INFO = INCLUDE_SOURCE;
				MTL_FAST_MATH = YES;
				ONLY_ACTIVE_ARCH = YES;
				PRODUCT_BUNDLE_IDENTIFIER = "com.swiftuiextensions.shapes.examples.macos.ShapesExamples-macOS";
				PRODUCT_NAME = "$(TARGET_NAME)";
				SDKROOT = macosx;
				SWIFT_ACTIVE_COMPILATION_CONDITIONS = DEBUG;
				SWIFT_OPTIMIZATION_LEVEL = "-Onone";
				SWIFT_VERSION = 5.0;
			};
			name = Debug;
		};
		FABCDB832364E11F00842ED9 /* Release */ = {
			isa = XCBuildConfiguration;
			buildSettings = {
				ALWAYS_SEARCH_USER_PATHS = NO;
				ASSETCATALOG_COMPILER_APPICON_NAME = AppIcon;
				CLANG_ANALYZER_NONNULL = YES;
				CLANG_ANALYZER_NUMBER_OBJECT_CONVERSION = YES_AGGRESSIVE;
				CLANG_CXX_LANGUAGE_STANDARD = "gnu++14";
				CLANG_CXX_LIBRARY = "libc++";
				CLANG_ENABLE_MODULES = YES;
				CLANG_ENABLE_OBJC_ARC = YES;
				CLANG_ENABLE_OBJC_WEAK = YES;
				CLANG_WARN_BLOCK_CAPTURE_AUTORELEASING = YES;
				CLANG_WARN_BOOL_CONVERSION = YES;
				CLANG_WARN_COMMA = YES;
				CLANG_WARN_CONSTANT_CONVERSION = YES;
				CLANG_WARN_DEPRECATED_OBJC_IMPLEMENTATIONS = YES;
				CLANG_WARN_DIRECT_OBJC_ISA_USAGE = YES_ERROR;
				CLANG_WARN_DOCUMENTATION_COMMENTS = YES;
				CLANG_WARN_EMPTY_BODY = YES;
				CLANG_WARN_ENUM_CONVERSION = YES;
				CLANG_WARN_INFINITE_RECURSION = YES;
				CLANG_WARN_INT_CONVERSION = YES;
				CLANG_WARN_NON_LITERAL_NULL_CONVERSION = YES;
				CLANG_WARN_OBJC_IMPLICIT_RETAIN_SELF = YES;
				CLANG_WARN_OBJC_LITERAL_CONVERSION = YES;
				CLANG_WARN_OBJC_ROOT_CLASS = YES_ERROR;
				CLANG_WARN_RANGE_LOOP_ANALYSIS = YES;
				CLANG_WARN_STRICT_PROTOTYPES = YES;
				CLANG_WARN_SUSPICIOUS_MOVE = YES;
				CLANG_WARN_UNGUARDED_AVAILABILITY = YES_AGGRESSIVE;
				CLANG_WARN_UNREACHABLE_CODE = YES;
				CLANG_WARN__DUPLICATE_METHOD_MATCH = YES;
				CODE_SIGN_ENTITLEMENTS = "ShapesExamples macOS/ShapesExamples_macOS.entitlements";
				CODE_SIGN_STYLE = Automatic;
				COMBINE_HIDPI_IMAGES = YES;
				COPY_PHASE_STRIP = NO;
				DEBUG_INFORMATION_FORMAT = "dwarf-with-dsym";
				DEVELOPMENT_ASSET_PATHS = "\"ShapesExamples macOS/Preview Content\"";
				ENABLE_NS_ASSERTIONS = NO;
				ENABLE_PREVIEWS = YES;
				ENABLE_STRICT_OBJC_MSGSEND = YES;
				GCC_C_LANGUAGE_STANDARD = gnu11;
				GCC_NO_COMMON_BLOCKS = YES;
				GCC_WARN_64_TO_32_BIT_CONVERSION = YES;
				GCC_WARN_ABOUT_RETURN_TYPE = YES_ERROR;
				GCC_WARN_UNDECLARED_SELECTOR = YES;
				GCC_WARN_UNINITIALIZED_AUTOS = YES_AGGRESSIVE;
				GCC_WARN_UNUSED_FUNCTION = YES;
				GCC_WARN_UNUSED_VARIABLE = YES;
				INFOPLIST_FILE = "ShapesExamples macOS/Info.plist";
				LD_RUNPATH_SEARCH_PATHS = (
					"$(inherited)",
					"@executable_path/../Frameworks",
				);
				MACOSX_DEPLOYMENT_TARGET = 10.15;
				MTL_ENABLE_DEBUG_INFO = NO;
				MTL_FAST_MATH = YES;
				PRODUCT_BUNDLE_IDENTIFIER = "com.swiftuiextensions.shapes.examples.macos.ShapesExamples-macOS";
				PRODUCT_NAME = "$(TARGET_NAME)";
				SDKROOT = macosx;
				SWIFT_COMPILATION_MODE = wholemodule;
				SWIFT_OPTIMIZATION_LEVEL = "-O";
				SWIFT_VERSION = 5.0;
			};
			name = Release;
		};
/* End XCBuildConfiguration section */

/* Begin XCConfigurationList section */
		FABCDB4E2364DF0600842ED9 /* Build configuration list for PBXProject "ShapesExamples" */ = {
			isa = XCConfigurationList;
			buildConfigurations = (
				FABCDB4F2364DF0600842ED9 /* Debug */,
				FABCDB502364DF0600842ED9 /* Release */,
			);
			defaultConfigurationIsVisible = 0;
			defaultConfigurationName = Release;
		};
		FABCDB692364DF8500842ED9 /* Build configuration list for PBXNativeTarget "ShapesExamples iOS" */ = {
			isa = XCConfigurationList;
			buildConfigurations = (
				FABCDB672364DF8500842ED9 /* Debug */,
				FABCDB682364DF8500842ED9 /* Release */,
			);
			defaultConfigurationIsVisible = 0;
			defaultConfigurationName = Release;
		};
		FABCDB842364E11F00842ED9 /* Build configuration list for PBXNativeTarget "ShapesExamples macOS" */ = {
			isa = XCConfigurationList;
			buildConfigurations = (
				FABCDB822364E11F00842ED9 /* Debug */,
				FABCDB832364E11F00842ED9 /* Release */,
			);
			defaultConfigurationIsVisible = 0;
			defaultConfigurationName = Release;
		};
/* End XCConfigurationList section */

/* Begin XCRemoteSwiftPackageReference section */
		FABCDB6A2364DFD100842ED9 /* XCRemoteSwiftPackageReference "Shapes" */ = {
			isa = XCRemoteSwiftPackageReference;
			repositoryURL = "git@github.com:SwiftUIExtensions/Shapes.git";
			requirement = {
				kind = upToNextMajorVersion;
				minimumVersion = 0.0.1;
			};
		};
/* End XCRemoteSwiftPackageReference section */

/* Begin XCSwiftPackageProductDependency section */
		FABCDB6B2364DFD100842ED9 /* Shapes */ = {
			isa = XCSwiftPackageProductDependency;
			package = FABCDB6A2364DFD100842ED9 /* XCRemoteSwiftPackageReference "Shapes" */;
			productName = Shapes;
		};
		FABCDB862364E16500842ED9 /* Shapes */ = {
			isa = XCSwiftPackageProductDependency;
			productName = Shapes;
		};
/* End XCSwiftPackageProductDependency section */
	};
	rootObject = FABCDB4B2364DF0600842ED9 /* Project object */;
}
